
Microsoft Visual Studio Solution File, Format Version 12.00
# Visual Studio Version 17
VisualStudioVersion = 17.10.35027.167
MinimumVisualStudioVersion = 10.0.40219.1
Project("{FAE04EC0-301F-11D3-BF4B-00C04F79EFBC}") = "XNL R36 Linux Partition Sizer", "R36 Linux Partition Sizer\XNL R36 Linux Partition Sizer.csproj", "{8396F919-2892-4F96-933C-529EF782C4D3}"
EndProject
Global
	GlobalSection(SolutionConfigurationPlatforms) = preSolution
		Debug|Any CPU = Debug|Any CPU
		Release|Any CPU = Release|Any CPU
	EndGlobalSection
	GlobalSection(ProjectConfigurationPlatforms) = postSolution
		{8396F919-2892-4F96-933C-529EF782C4D3}.Debug|Any CPU.ActiveCfg = Debug|Any CPU
		{8396F919-2892-4F96-933C-529EF782C4D3}.Debug|Any CPU.Build.0 = Debug|Any CPU
		{8396F919-2892-4F96-933C-529EF782C4D3}.Release|Any CPU.ActiveCfg = Release|Any CPU
		{8396F919-2892-4F96-933C-529EF782C4D3}.Release|Any CPU.Build.0 = Release|Any CPU
	EndGlobalSection
	GlobalSection(SolutionProperties) = preSolution
		HideSolutionNode = FALSE
	EndGlobalSection
	GlobalSection(ExtensibilityGlobals) = postSolution
		SolutionGuid = {B5FF9191-2767-4A69-8F4C-899056856976}
	EndGlobalSection
EndGlobal
