
Microsoft Visual Studio Solution File, Format Version 12.00
# Visual Studio Version 16
VisualStudioVersion = 16.0.36631.11
MinimumVisualStudioVersion = 10.0.40219.1
Project("{FAE04EC0-301F-11D3-BF4B-00C04F79EFBC}") = "XNL R36 Linux Partition Sizer", "XNL R36 Linux Partition Sizer.csproj", "{8396F919-2892-4F96-933C-529EF782C4D3}"
EndProject
Global
	GlobalSection(SolutionConfigurationPlatforms) = preSolution
		Debug|Any CPU = Debug|Any CPU
		Release|Any CPU = Release|Any CPU
	EndGlobalSection
	GlobalSection(ProjectConfigurationPlatforms) = postSolution
		{8396F919-2892-4F96-933C-529EF782C4D3}.Debug|Any CPU.ActiveCfg = Debug|Any CPU
		{8396F919-2892-4F96-933C-529EF782C4D3}.Debug|Any CPU.Build.0 = Debug|Any CPU
		{8396F919-2892-4F96-933C-529EF782C4D3}.Release|Any CPU.ActiveCfg = Release|Any CPU
		{8396F919-2892-4F96-933C-529EF782C4D3}.Release|Any CPU.Build.0 = Release|Any CPU
	EndGlobalSection
	GlobalSection(SolutionProperties) = preSolution
		HideSolutionNode = FALSE
	EndGlobalSection
	GlobalSection(ExtensibilityGlobals) = postSolution
		SolutionGuid = {3A05D5E5-094D-4AF6-BE54-F6BC1185E3C1}
	EndGlobalSection
EndGlobal
